{
  "name": "vuejify",
  "version": "1.0.0",
  "description": "Vue.js Tests",
  "main": "app.js",
  "scripts": {
    "test": "echo \"Error: no test specified\" && exit 1"
  },
  "repository": {
    "type": "git",
    "url": "git+https://github.com/DCueto/vuejs-tests.git"
  },
  "author": "Daniel Cueto",
  "license": "ISC",
  "bugs": {
    "url": "https://github.com/DCueto/vuejs-tests/issues"
  },
  "homepage": "https://github.com/DCueto/vuejs-tests#readme",
  "devDependencies": {

  },
  "dependencies": {
  }
}